
Microsoft Visual Studio Solution File, Format Version 12.00
# Visual Studio Version 17
VisualStudioVersion = 17.0.31611.283
MinimumVisualStudioVersion = 10.0.40219.1
Project("{9A19103F-16F7-4668-BE54-9A1E7A4F7556}") = "QianShiChatClient.Maui", "QianShiChatClient.Maui\QianShiChatClient.Maui.csproj", "{BCA5A8C3-E322-4F44-9035-C5ACA4A78E1A}"
EndProject
Project("{9A19103F-16F7-4668-BE54-9A1E7A4F7556}") = "QianShiChatClient.MauiBlazor", "QianShiChatClient.MauiBlazor\QianShiChatClient.MauiBlazor.csproj", "{D01FF6AF-0767-468E-A5A0-B09EA7FF62A5}"
EndProject
Project("{9A19103F-16F7-4668-BE54-9A1E7A4F7556}") = "QianShiChatClient.Application", "QianShiChatClient.Application\QianShiChatClient.Application.csproj", "{6212EC45-763C-420D-83C4-A964A0287789}"
EndProject
Project("{9A19103F-16F7-4668-BE54-9A1E7A4F7556}") = "QianShiChatClient.Data", "QianShiChatClient.Data\QianShiChatClient.Data.csproj", "{BD7DCFD3-1F50-4718-912C-279FDD973885}"
EndProject
Project("{9A19103F-16F7-4668-BE54-9A1E7A4F7556}") = "QianShiChatClient.Core", "QianShiChatClient.Core\QianShiChatClient.Core.csproj", "{D3AA0677-76D4-4CA8-AAE2-441474637068}"
EndProject
Project("{FAE04EC0-301F-11D3-BF4B-00C04F79EFBC}") = "QianShiChatClient.Data.Migration", "QianShiChatClient.Data.Migration\QianShiChatClient.Data.Migration.csproj", "{018AA1AD-9FD8-452F-B5B4-A6286491E263}"
EndProject
Global
	GlobalSection(SolutionConfigurationPlatforms) = preSolution
		Debug|Any CPU = Debug|Any CPU
		Release|Any CPU = Release|Any CPU
	EndGlobalSection
	GlobalSection(ProjectConfigurationPlatforms) = postSolution
		{BCA5A8C3-E322-4F44-9035-C5ACA4A78E1A}.Debug|Any CPU.ActiveCfg = Debug|Any CPU
		{BCA5A8C3-E322-4F44-9035-C5ACA4A78E1A}.Debug|Any CPU.Build.0 = Debug|Any CPU
		{BCA5A8C3-E322-4F44-9035-C5ACA4A78E1A}.Debug|Any CPU.Deploy.0 = Debug|Any CPU
		{BCA5A8C3-E322-4F44-9035-C5ACA4A78E1A}.Release|Any CPU.ActiveCfg = Release|Any CPU
		{BCA5A8C3-E322-4F44-9035-C5ACA4A78E1A}.Release|Any CPU.Build.0 = Release|Any CPU
		{BCA5A8C3-E322-4F44-9035-C5ACA4A78E1A}.Release|Any CPU.Deploy.0 = Release|Any CPU
		{D01FF6AF-0767-468E-A5A0-B09EA7FF62A5}.Debug|Any CPU.ActiveCfg = Debug|Any CPU
		{D01FF6AF-0767-468E-A5A0-B09EA7FF62A5}.Debug|Any CPU.Build.0 = Debug|Any CPU
		{D01FF6AF-0767-468E-A5A0-B09EA7FF62A5}.Debug|Any CPU.Deploy.0 = Debug|Any CPU
		{D01FF6AF-0767-468E-A5A0-B09EA7FF62A5}.Release|Any CPU.ActiveCfg = Release|Any CPU
		{D01FF6AF-0767-468E-A5A0-B09EA7FF62A5}.Release|Any CPU.Build.0 = Release|Any CPU
		{D01FF6AF-0767-468E-A5A0-B09EA7FF62A5}.Release|Any CPU.Deploy.0 = Release|Any CPU
		{6212EC45-763C-420D-83C4-A964A0287789}.Debug|Any CPU.ActiveCfg = Debug|Any CPU
		{6212EC45-763C-420D-83C4-A964A0287789}.Debug|Any CPU.Build.0 = Debug|Any CPU
		{6212EC45-763C-420D-83C4-A964A0287789}.Release|Any CPU.ActiveCfg = Release|Any CPU
		{6212EC45-763C-420D-83C4-A964A0287789}.Release|Any CPU.Build.0 = Release|Any CPU
		{BD7DCFD3-1F50-4718-912C-279FDD973885}.Debug|Any CPU.ActiveCfg = Debug|Any CPU
		{BD7DCFD3-1F50-4718-912C-279FDD973885}.Debug|Any CPU.Build.0 = Debug|Any CPU
		{BD7DCFD3-1F50-4718-912C-279FDD973885}.Release|Any CPU.ActiveCfg = Release|Any CPU
		{BD7DCFD3-1F50-4718-912C-279FDD973885}.Release|Any CPU.Build.0 = Release|Any CPU
		{D3AA0677-76D4-4CA8-AAE2-441474637068}.Debug|Any CPU.ActiveCfg = Debug|Any CPU
		{D3AA0677-76D4-4CA8-AAE2-441474637068}.Debug|Any CPU.Build.0 = Debug|Any CPU
		{D3AA0677-76D4-4CA8-AAE2-441474637068}.Release|Any CPU.ActiveCfg = Release|Any CPU
		{D3AA0677-76D4-4CA8-AAE2-441474637068}.Release|Any CPU.Build.0 = Release|Any CPU
		{018AA1AD-9FD8-452F-B5B4-A6286491E263}.Debug|Any CPU.ActiveCfg = Debug|Any CPU
		{018AA1AD-9FD8-452F-B5B4-A6286491E263}.Debug|Any CPU.Build.0 = Debug|Any CPU
		{018AA1AD-9FD8-452F-B5B4-A6286491E263}.Release|Any CPU.ActiveCfg = Release|Any CPU
		{018AA1AD-9FD8-452F-B5B4-A6286491E263}.Release|Any CPU.Build.0 = Release|Any CPU
	EndGlobalSection
	GlobalSection(SolutionProperties) = preSolution
		HideSolutionNode = FALSE
	EndGlobalSection
	GlobalSection(ExtensibilityGlobals) = postSolution
		SolutionGuid = {61F7FB11-1E47-470C-91E2-47F8143E1572}
	EndGlobalSection
EndGlobal
